
Microsoft Visual Studio Solution File, Format Version 12.00
# Visual Studio Version 17
VisualStudioVersion = 17.4.33110.190
MinimumVisualStudioVersion = 10.0.40219.1
Project("{FAE04EC0-301F-11D3-BF4B-00C04F79EFBC}") = "SearchAlgorithms", "AlgorithmProblem2\SearchAlgorithms.csproj", "{69C70D2F-D909-4852-ABE0-F9D10161DB4E}"
EndProject
Project("{FAE04EC0-301F-11D3-BF4B-00C04F79EFBC}") = "AlgorithmSearch.Tests", "UnitTestProject1\AlgorithmSearch.Tests.csproj", "{09E9A93A-9CFD-4E50-A3FD-21942891FADC}"
EndProject
Global
	GlobalSection(SolutionConfigurationPlatforms) = preSolution
		Debug|Any CPU = Debug|Any CPU
		Release|Any CPU = Release|Any CPU
	EndGlobalSection
	GlobalSection(ProjectConfigurationPlatforms) = postSolution
		{69C70D2F-D909-4852-ABE0-F9D10161DB4E}.Debug|Any CPU.ActiveCfg = Debug|Any CPU
		{69C70D2F-D909-4852-ABE0-F9D10161DB4E}.Debug|Any CPU.Build.0 = Debug|Any CPU
		{69C70D2F-D909-4852-ABE0-F9D10161DB4E}.Release|Any CPU.ActiveCfg = Release|Any CPU
		{69C70D2F-D909-4852-ABE0-F9D10161DB4E}.Release|Any CPU.Build.0 = Release|Any CPU
		{09E9A93A-9CFD-4E50-A3FD-21942891FADC}.Debug|Any CPU.ActiveCfg = Debug|Any CPU
		{09E9A93A-9CFD-4E50-A3FD-21942891FADC}.Debug|Any CPU.Build.0 = Debug|Any CPU
		{09E9A93A-9CFD-4E50-A3FD-21942891FADC}.Release|Any CPU.ActiveCfg = Release|Any CPU
		{09E9A93A-9CFD-4E50-A3FD-21942891FADC}.Release|Any CPU.Build.0 = Release|Any CPU
	EndGlobalSection
	GlobalSection(SolutionProperties) = preSolution
		HideSolutionNode = FALSE
	EndGlobalSection
	GlobalSection(ExtensibilityGlobals) = postSolution
		SolutionGuid = {1C2ADAB7-AA13-464A-B851-EE43B1A8983A}
	EndGlobalSection
EndGlobal
